{
  "nodes": {
    "grub2Themes": {
      "inputs": {
        "nixpkgs": "nixpkgs"
      },
      "locked": {
        "lastModified": 1734412921,
        "narHash": "sha256-JeMqc7lLowKn6klrCcOkcOg38yNqF7MPbN4Elh6Xvq0=",
        "owner": "vinceliuice",
        "repo": "grub2-themes",
        "rev": "f6ab2438e124f60a340a526543e498e5e33b3c53",
        "type": "github"
      },
      "original": {
        "owner": "vinceliuice",
        "repo": "grub2-themes",
        "type": "github"
      }
    },
    "nixpkgs": {
      "locked": {
        "lastModified": 1741697741,
        "narHash": "sha256-87kNKSslFfeQL4J2Cw5C7I4ChbhlrDqLwqRi9eyZ5uA=",
        "owner": "NixOS",
        "repo": "nixpkgs",
        "rev": "d3be617f8a87ceea91de47f34f7304c880d83b68",
        "type": "github"
      },
      "original": {
        "owner": "NixOS",
        "ref": "master",
        "repo": "nixpkgs",
        "type": "github"
      }
    },
    "nixpkgs_2": {
      "locked": {
        "lastModified": 1735651292,
        "narHash": "sha256-YLbzcBtYo1/FEzFsB3AnM16qFc6fWPMIoOuSoDwvg9g=",
        "owner": "nixos",
        "repo": "nixpkgs",
        "rev": "0da3c44a9460a26d2025ec3ed2ec60a895eb1114",
        "type": "github"
      },
      "original": {
        "owner": "nixos",
        "ref": "nixos-24.05-small",
        "repo": "nixpkgs",
        "type": "github"
      }
    },
    "root": {
      "inputs": {
        "grub2Themes": "grub2Themes",
        "nixpkgs": "nixpkgs_2",
        "unstableNixPkgs": "unstableNixPkgs"
      }
    },
    "unstableNixPkgs": {
      "locked": {
        "lastModified": 1741648452,
        "narHash": "sha256-ceNqYla8Z09d5IZ2bJzs2EWX4JmbP6yBYMkPd/XjKhE=",
        "owner": "nixos",
        "repo": "nixpkgs",
        "rev": "449d030cc433d6f39d1c5116f812e7df74bba1c3",
        "type": "github"
      },
      "original": {
        "owner": "nixos",
        "ref": "nixos-unstable-small",
        "repo": "nixpkgs",
        "type": "github"
      }
    }
  },
  "root": "root",
  "version": 7
}
